
Microsoft Visual Studio Solution File, Format Version 12.00
# Visual Studio Version 16
VisualStudioVersion = 16.0.31729.503
MinimumVisualStudioVersion = 10.0.40219.1
Project("{FAE04EC0-301F-11D3-BF4B-00C04F79EFBC}") = "1_AbstractClass", "1_AbstractClass\1_AbstractClass.csproj", "{99FD9078-3BA2-45DC-9541-4441A40AF1EA}"
EndProject
Global
	GlobalSection(SolutionConfigurationPlatforms) = preSolution
		Debug|Any CPU = Debug|Any CPU
		Release|Any CPU = Release|Any CPU
	EndGlobalSection
	GlobalSection(ProjectConfigurationPlatforms) = postSolution
		{99FD9078-3BA2-45DC-9541-4441A40AF1EA}.Debug|Any CPU.ActiveCfg = Debug|Any CPU
		{99FD9078-3BA2-45DC-9541-4441A40AF1EA}.Debug|Any CPU.Build.0 = Debug|Any CPU
		{99FD9078-3BA2-45DC-9541-4441A40AF1EA}.Release|Any CPU.ActiveCfg = Release|Any CPU
		{99FD9078-3BA2-45DC-9541-4441A40AF1EA}.Release|Any CPU.Build.0 = Release|Any CPU
	EndGlobalSection
	GlobalSection(SolutionProperties) = preSolution
		HideSolutionNode = FALSE
	EndGlobalSection
	GlobalSection(ExtensibilityGlobals) = postSolution
		SolutionGuid = {1CC3CDFA-7C9F-40DD-8118-3F5375AC0CA7}
	EndGlobalSection
EndGlobal
